
Microsoft Visual Studio Solution File, Format Version 12.00
# Visual Studio Version 17
VisualStudioVersion = 17.5.33414.496
MinimumVisualStudioVersion = 10.0.40219.1
Project("{FAE04EC0-301F-11D3-BF4B-00C04F79EFBC}") = "Lucinq.Core", "Lucinq\Lucinq.Core.csproj", "{4A37D121-9AC6-489D-B565-C353D85AFB73}"
EndProject
Project("{FAE04EC0-301F-11D3-BF4B-00C04F79EFBC}") = "Lucinq.Lucene30.UnitTests", "Unit Tests\Lucinq.UnitTests\Lucinq.Lucene30.UnitTests.csproj", "{A65CD9B7-DC30-414B-83F5-A8A5DD5FCDE8}"
EndProject
Project("{2150E333-8FDC-42A3-9474-1A3956D46DE8}") = "Unit Tests", "Unit Tests", "{88383E66-E660-4306-8B70-5B19AF34F0CF}"
EndProject
Project("{FAE04EC0-301F-11D3-BF4B-00C04F79EFBC}") = "Lucinq.Lucene30", "Lucinq.Lucene30\Lucinq.Lucene30.csproj", "{8FC26DB5-0277-49C8-9345-D53DA0059A64}"
EndProject
Project("{FAE04EC0-301F-11D3-BF4B-00C04F79EFBC}") = "Lucinq.AzureSearch", "Lucinq.AzureSearch\Lucinq.AzureSearch.csproj", "{D2BF79F6-C47A-4692-89D2-CD1AF1897258}"
EndProject
Project("{FAE04EC0-301F-11D3-BF4B-00C04F79EFBC}") = "Lucinq.AzureSearch.UnitTests", "Unit Tests\Lucinq.AzureSearch.UnitTests\Lucinq.AzureSearch.UnitTests.csproj", "{EDC17715-2614-4D76-8F4E-EBE341E3A198}"
EndProject
Project("{FAE04EC0-301F-11D3-BF4B-00C04F79EFBC}") = "Lucinq.Solr", "Lucinq.Solr\Lucinq.Solr.csproj", "{6E6FF124-6A8B-47A9-8169-B9101117B486}"
EndProject
Project("{FAE04EC0-301F-11D3-BF4B-00C04F79EFBC}") = "Lucinq.Solr.UnitTests", "Unit Tests\Lucinq.Solr.UnitTests\Lucinq.Solr.UnitTests.csproj", "{409ED454-427E-46A9-BD62-5879B5475D2D}"
EndProject
Project("{FAE04EC0-301F-11D3-BF4B-00C04F79EFBC}") = "Lucinq.Solr.Sitecore", "Lucinq.Solr.Sitecore\Lucinq.Solr.Sitecore.csproj", "{1D210C51-5A45-474E-A7EA-B2ECF20664C2}"
EndProject
Global
	GlobalSection(SolutionConfigurationPlatforms) = preSolution
		Debug|Any CPU = Debug|Any CPU
		Release|Any CPU = Release|Any CPU
	EndGlobalSection
	GlobalSection(ProjectConfigurationPlatforms) = postSolution
		{4A37D121-9AC6-489D-B565-C353D85AFB73}.Debug|Any CPU.ActiveCfg = Debug|Any CPU
		{4A37D121-9AC6-489D-B565-C353D85AFB73}.Debug|Any CPU.Build.0 = Debug|Any CPU
		{4A37D121-9AC6-489D-B565-C353D85AFB73}.Release|Any CPU.ActiveCfg = Release|Any CPU
		{4A37D121-9AC6-489D-B565-C353D85AFB73}.Release|Any CPU.Build.0 = Release|Any CPU
		{A65CD9B7-DC30-414B-83F5-A8A5DD5FCDE8}.Debug|Any CPU.ActiveCfg = Debug|Any CPU
		{A65CD9B7-DC30-414B-83F5-A8A5DD5FCDE8}.Debug|Any CPU.Build.0 = Debug|Any CPU
		{A65CD9B7-DC30-414B-83F5-A8A5DD5FCDE8}.Release|Any CPU.ActiveCfg = Release|Any CPU
		{A65CD9B7-DC30-414B-83F5-A8A5DD5FCDE8}.Release|Any CPU.Build.0 = Release|Any CPU
		{8FC26DB5-0277-49C8-9345-D53DA0059A64}.Debug|Any CPU.ActiveCfg = Debug|Any CPU
		{8FC26DB5-0277-49C8-9345-D53DA0059A64}.Debug|Any CPU.Build.0 = Debug|Any CPU
		{8FC26DB5-0277-49C8-9345-D53DA0059A64}.Release|Any CPU.ActiveCfg = Release|Any CPU
		{8FC26DB5-0277-49C8-9345-D53DA0059A64}.Release|Any CPU.Build.0 = Release|Any CPU
		{D2BF79F6-C47A-4692-89D2-CD1AF1897258}.Debug|Any CPU.ActiveCfg = Debug|Any CPU
		{D2BF79F6-C47A-4692-89D2-CD1AF1897258}.Debug|Any CPU.Build.0 = Debug|Any CPU
		{D2BF79F6-C47A-4692-89D2-CD1AF1897258}.Release|Any CPU.ActiveCfg = Release|Any CPU
		{D2BF79F6-C47A-4692-89D2-CD1AF1897258}.Release|Any CPU.Build.0 = Release|Any CPU
		{EDC17715-2614-4D76-8F4E-EBE341E3A198}.Debug|Any CPU.ActiveCfg = Debug|Any CPU
		{EDC17715-2614-4D76-8F4E-EBE341E3A198}.Debug|Any CPU.Build.0 = Debug|Any CPU
		{EDC17715-2614-4D76-8F4E-EBE341E3A198}.Release|Any CPU.ActiveCfg = Release|Any CPU
		{EDC17715-2614-4D76-8F4E-EBE341E3A198}.Release|Any CPU.Build.0 = Release|Any CPU
		{6E6FF124-6A8B-47A9-8169-B9101117B486}.Debug|Any CPU.ActiveCfg = Debug|Any CPU
		{6E6FF124-6A8B-47A9-8169-B9101117B486}.Debug|Any CPU.Build.0 = Debug|Any CPU
		{6E6FF124-6A8B-47A9-8169-B9101117B486}.Release|Any CPU.ActiveCfg = Release|Any CPU
		{6E6FF124-6A8B-47A9-8169-B9101117B486}.Release|Any CPU.Build.0 = Release|Any CPU
		{409ED454-427E-46A9-BD62-5879B5475D2D}.Debug|Any CPU.ActiveCfg = Debug|Any CPU
		{409ED454-427E-46A9-BD62-5879B5475D2D}.Debug|Any CPU.Build.0 = Debug|Any CPU
		{409ED454-427E-46A9-BD62-5879B5475D2D}.Release|Any CPU.ActiveCfg = Release|Any CPU
		{409ED454-427E-46A9-BD62-5879B5475D2D}.Release|Any CPU.Build.0 = Release|Any CPU
		{1D210C51-5A45-474E-A7EA-B2ECF20664C2}.Debug|Any CPU.ActiveCfg = Debug|Any CPU
		{1D210C51-5A45-474E-A7EA-B2ECF20664C2}.Debug|Any CPU.Build.0 = Debug|Any CPU
		{1D210C51-5A45-474E-A7EA-B2ECF20664C2}.Release|Any CPU.ActiveCfg = Release|Any CPU
		{1D210C51-5A45-474E-A7EA-B2ECF20664C2}.Release|Any CPU.Build.0 = Release|Any CPU
	EndGlobalSection
	GlobalSection(SolutionProperties) = preSolution
		HideSolutionNode = FALSE
	EndGlobalSection
	GlobalSection(NestedProjects) = preSolution
		{A65CD9B7-DC30-414B-83F5-A8A5DD5FCDE8} = {88383E66-E660-4306-8B70-5B19AF34F0CF}
		{EDC17715-2614-4D76-8F4E-EBE341E3A198} = {88383E66-E660-4306-8B70-5B19AF34F0CF}
		{409ED454-427E-46A9-BD62-5879B5475D2D} = {88383E66-E660-4306-8B70-5B19AF34F0CF}
	EndGlobalSection
	GlobalSection(ExtensibilityGlobals) = postSolution
		SolutionGuid = {1EE19508-E078-41E4-9122-8FE59A97F84E}
	EndGlobalSection
EndGlobal
